
Microsoft Visual Studio Solution File, Format Version 12.00
# Visual Studio Version 17
VisualStudioVersion = 17.5.33502.453
MinimumVisualStudioVersion = 10.0.40219.1
Project("{FAE04EC0-301F-11D3-BF4B-00C04F79EFBC}") = "Ej2_Abstraccion", "Ej2_Abstraccion\Ej2_Abstraccion.csproj", "{12F084B0-BAA1-4988-A728-98C915F5B6F8}"
EndProject
Global
	GlobalSection(SolutionConfigurationPlatforms) = preSolution
		Debug|Any CPU = Debug|Any CPU
		Release|Any CPU = Release|Any CPU
	EndGlobalSection
	GlobalSection(ProjectConfigurationPlatforms) = postSolution
		{12F084B0-BAA1-4988-A728-98C915F5B6F8}.Debug|Any CPU.ActiveCfg = Debug|Any CPU
		{12F084B0-BAA1-4988-A728-98C915F5B6F8}.Debug|Any CPU.Build.0 = Debug|Any CPU
		{12F084B0-BAA1-4988-A728-98C915F5B6F8}.Release|Any CPU.ActiveCfg = Release|Any CPU
		{12F084B0-BAA1-4988-A728-98C915F5B6F8}.Release|Any CPU.Build.0 = Release|Any CPU
	EndGlobalSection
	GlobalSection(SolutionProperties) = preSolution
		HideSolutionNode = FALSE
	EndGlobalSection
	GlobalSection(ExtensibilityGlobals) = postSolution
		SolutionGuid = {9E194386-CA47-4A84-9253-7392586DFE3D}
	EndGlobalSection
EndGlobal
